
Microsoft Visual Studio Solution File, Format Version 12.00
# Visual Studio Version 17
VisualStudioVersion = 17.4.33122.133
MinimumVisualStudioVersion = 10.0.40219.1
Project("{FAE04EC0-301F-11D3-BF4B-00C04F79EFBC}") = "datagrid-view-sort", "datagrid-view-sort\datagrid-view-sort.csproj", "{B6453180-24FB-4BB0-B972-41833F10D385}"
EndProject
Global
	GlobalSection(SolutionConfigurationPlatforms) = preSolution
		Debug|Any CPU = Debug|Any CPU
		Release|Any CPU = Release|Any CPU
	EndGlobalSection
	GlobalSection(ProjectConfigurationPlatforms) = postSolution
		{B6453180-24FB-4BB0-B972-41833F10D385}.Debug|Any CPU.ActiveCfg = Debug|Any CPU
		{B6453180-24FB-4BB0-B972-41833F10D385}.Debug|Any CPU.Build.0 = Debug|Any CPU
		{B6453180-24FB-4BB0-B972-41833F10D385}.Release|Any CPU.ActiveCfg = Release|Any CPU
		{B6453180-24FB-4BB0-B972-41833F10D385}.Release|Any CPU.Build.0 = Release|Any CPU
	EndGlobalSection
	GlobalSection(SolutionProperties) = preSolution
		HideSolutionNode = FALSE
	EndGlobalSection
	GlobalSection(ExtensibilityGlobals) = postSolution
		SolutionGuid = {58A52612-BEE7-4695-A605-9596AF9913FB}
	EndGlobalSection
EndGlobal
